// !$*UTF8*$!
{
	archiveVersion = 1;
	classes = {
	};
	objectVersion = 50;
	objects = {

/* Begin PBXBuildFile section */
		6994BD3D26AE387100439501 /* Tests_iOS.swift in Sources */ = {isa = PBXBuildFile; fileRef = 6994BD3C26AE387100439501 /* Tests_iOS.swift */; };
		6994BD4826AE387100439501 /* Tests_macOS.swift in Sources */ = {isa = PBXBuildFile; fileRef = 6994BD4726AE387100439501 /* Tests_macOS.swift */; };
		6994BD4A26AE387100439501 /* estrategia_app_iosApp.swift in Sources */ = {isa = PBXBuildFile; fileRef = 6994BD2126AE386F00439501 /* estrategia_app_iosApp.swift */; };
		6994BD4B26AE387100439501 /* estrategia_app_iosApp.swift in Sources */ = {isa = PBXBuildFile; fileRef = 6994BD2126AE386F00439501 /* estrategia_app_iosApp.swift */; };
		6994BD4C26AE387100439501 /* ContentView.swift in Sources */ = {isa = PBXBuildFile; fileRef = 6994BD2226AE386F00439501 /* ContentView.swift */; };
		6994BD4D26AE387100439501 /* ContentView.swift in Sources */ = {isa = PBXBuildFile; fileRef = 6994BD2226AE386F00439501 /* ContentView.swift */; };
		6994BD4E26AE387100439501 /* Assets.xcassets in Resources */ = {isa = PBXBuildFile; fileRef = 6994BD2326AE387100439501 /* Assets.xcassets */; };
		6994BD4F26AE387100439501 /* Assets.xcassets in Resources */ = {isa = PBXBuildFile; fileRef = 6994BD2326AE387100439501 /* Assets.xcassets */; };
/* End PBXBuildFile section */

/* Begin PBXContainerItemProxy section */
		6994BD3926AE387100439501 /* PBXContainerItemProxy */ = {
			isa = PBXContainerItemProxy;
			containerPortal = 6994BD1C26AE386F00439501 /* Project object */;
			proxyType = 1;
			remoteGlobalIDString = 6994BD2726AE387100439501;
			remoteInfo = "estrategia-app-ios (iOS)";
		};
		6994BD4426AE387100439501 /* PBXContainerItemProxy */ = {
			isa = PBXContainerItemProxy;
			containerPortal = 6994BD1C26AE386F00439501 /* Project object */;
			proxyType = 1;
			remoteGlobalIDString = 6994BD2F26AE387100439501;
			remoteInfo = "estrategia-app-ios (macOS)";
		};
/* End PBXContainerItemProxy section */

/* Begin PBXFileReference section */
		6994BD2126AE386F00439501 /* estrategia_app_iosApp.swift */ = {isa = PBXFileReference; lastKnownFileType = sourcecode.swift; path = estrategia_app_iosApp.swift; sourceTree = "<group>"; };
		6994BD2226AE386F00439501 /* ContentView.swift */ = {isa = PBXFileReference; lastKnownFileType = sourcecode.swift; path = ContentView.swift; sourceTree = "<group>"; };
		6994BD2326AE387100439501 /* Assets.xcassets */ = {isa = PBXFileReference; lastKnownFileType = folder.assetcatalog; path = Assets.xcassets; sourceTree = "<group>"; };
		6994BD2826AE387100439501 /* estrategia-app-ios.app */ = {isa = PBXFileReference; explicitFileType = wrapper.application; includeInIndex = 0; path = "estrategia-app-ios.app"; sourceTree = BUILT_PRODUCTS_DIR; };
		6994BD2B26AE387100439501 /* Info.plist */ = {isa = PBXFileReference; lastKnownFileType = text.plist.xml; path = Info.plist; sourceTree = "<group>"; };
		6994BD3026AE387100439501 /* estrategia-app-ios.app */ = {isa = PBXFileReference; explicitFileType = wrapper.application; includeInIndex = 0; path = "estrategia-app-ios.app"; sourceTree = BUILT_PRODUCTS_DIR; };
		6994BD3226AE387100439501 /* Info.plist */ = {isa = PBXFileReference; lastKnownFileType = text.plist.xml; path = Info.plist; sourceTree = "<group>"; };
		6994BD3326AE387100439501 /* macOS.entitlements */ = {isa = PBXFileReference; lastKnownFileType = text.plist.entitlements; path = macOS.entitlements; sourceTree = "<group>"; };
		6994BD3826AE387100439501 /* Tests iOS.xctest */ = {isa = PBXFileReference; explicitFileType = wrapper.cfbundle; includeInIndex = 0; path = "Tests iOS.xctest"; sourceTree = BUILT_PRODUCTS_DIR; };
		6994BD3C26AE387100439501 /* Tests_iOS.swift */ = {isa = PBXFileReference; lastKnownFileType = sourcecode.swift; path = Tests_iOS.swift; sourceTree = "<group>"; };
		6994BD3E26AE387100439501 /* Info.plist */ = {isa = PBXFileReference; lastKnownFileType = text.plist.xml; path = Info.plist; sourceTree = "<group>"; };
		6994BD4326AE387100439501 /* Tests macOS.xctest */ = {isa = PBXFileReference; explicitFileType = wrapper.cfbundle; includeInIndex = 0; path = "Tests macOS.xctest"; sourceTree = BUILT_PRODUCTS_DIR; };
		6994BD4726AE387100439501 /* Tests_macOS.swift */ = {isa = PBXFileReference; lastKnownFileType = sourcecode.swift; path = Tests_macOS.swift; sourceTree = "<group>"; };
		6994BD4926AE387100439501 /* Info.plist */ = {isa = PBXFileReference; lastKnownFileType = text.plist.xml; path = Info.plist; sourceTree = "<group>"; };
/* End PBXFileReference section */

/* Begin PBXFrameworksBuildPhase section */
		6994BD2526AE387100439501 /* Frameworks */ = {
			isa = PBXFrameworksBuildPhase;
			buildActionMask = 2147483647;
			files = (
			);
			runOnlyForDeploymentPostprocessing = 0;
		};
		6994BD2D26AE387100439501 /* Frameworks */ = {
			isa = PBXFrameworksBuildPhase;
			buildActionMask = 2147483647;
			files = (
			);
			runOnlyForDeploymentPostprocessing = 0;
		};
		6994BD3526AE387100439501 /* Frameworks */ = {
			isa = PBXFrameworksBuildPhase;
			buildActionMask = 2147483647;
			files = (
			);
			runOnlyForDeploymentPostprocessing = 0;
		};
		6994BD4026AE387100439501 /* Frameworks */ = {
			isa = PBXFrameworksBuildPhase;
			buildActionMask = 2147483647;
			files = (
			);
			runOnlyForDeploymentPostprocessing = 0;
		};
/* End PBXFrameworksBuildPhase section */

/* Begin PBXGroup section */
		6994BD1B26AE386F00439501 = {
			isa = PBXGroup;
			children = (
				6994BD2026AE386F00439501 /* Shared */,
				6994BD2A26AE387100439501 /* iOS */,
				6994BD3126AE387100439501 /* macOS */,
				6994BD3B26AE387100439501 /* Tests iOS */,
				6994BD4626AE387100439501 /* Tests macOS */,
				6994BD2926AE387100439501 /* Products */,
			);
			sourceTree = "<group>";
		};
		6994BD2026AE386F00439501 /* Shared */ = {
			isa = PBXGroup;
			children = (
				6994BD2126AE386F00439501 /* estrategia_app_iosApp.swift */,
				6994BD2226AE386F00439501 /* ContentView.swift */,
				6994BD2326AE387100439501 /* Assets.xcassets */,
			);
			path = Shared;
			sourceTree = "<group>";
		};
		6994BD2926AE387100439501 /* Products */ = {
			isa = PBXGroup;
			children = (
				6994BD2826AE387100439501 /* estrategia-app-ios.app */,
				6994BD3026AE387100439501 /* estrategia-app-ios.app */,
				6994BD3826AE387100439501 /* Tests iOS.xctest */,
				6994BD4326AE387100439501 /* Tests macOS.xctest */,
			);
			name = Products;
			sourceTree = "<group>";
		};
		6994BD2A26AE387100439501 /* iOS */ = {
			isa = PBXGroup;
			children = (
				6994BD2B26AE387100439501 /* Info.plist */,
			);
			path = iOS;
			sourceTree = "<group>";
		};
		6994BD3126AE387100439501 /* macOS */ = {
			isa = PBXGroup;
			children = (
				6994BD3226AE387100439501 /* Info.plist */,
				6994BD3326AE387100439501 /* macOS.entitlements */,
			);
			path = macOS;
			sourceTree = "<group>";
		};
		6994BD3B26AE387100439501 /* Tests iOS */ = {
			isa = PBXGroup;
			children = (
				6994BD3C26AE387100439501 /* Tests_iOS.swift */,
				6994BD3E26AE387100439501 /* Info.plist */,
			);
			path = "Tests iOS";
			sourceTree = "<group>";
		};
		6994BD4626AE387100439501 /* Tests macOS */ = {
			isa = PBXGroup;
			children = (
				6994BD4726AE387100439501 /* Tests_macOS.swift */,
				6994BD4926AE387100439501 /* Info.plist */,
			);
			path = "Tests macOS";
			sourceTree = "<group>";
		};
/* End PBXGroup section */

/* Begin PBXNativeTarget section */
		6994BD2726AE387100439501 /* estrategia-app-ios (iOS) */ = {
			isa = PBXNativeTarget;
			buildConfigurationList = 6994BD5226AE387100439501 /* Build configuration list for PBXNativeTarget "estrategia-app-ios (iOS)" */;
			buildPhases = (
				6994BD2426AE387100439501 /* Sources */,
				6994BD2526AE387100439501 /* Frameworks */,
				6994BD2626AE387100439501 /* Resources */,
			);
			buildRules = (
			);
			dependencies = (
			);
			name = "estrategia-app-ios (iOS)";
			productName = "estrategia-app-ios (iOS)";
			productReference = 6994BD2826AE387100439501 /* estrategia-app-ios.app */;
			productType = "com.apple.product-type.application";
		};
		6994BD2F26AE387100439501 /* estrategia-app-ios (macOS) */ = {
			isa = PBXNativeTarget;
			buildConfigurationList = 6994BD5526AE387100439501 /* Build configuration list for PBXNativeTarget "estrategia-app-ios (macOS)" */;
			buildPhases = (
				6994BD2C26AE387100439501 /* Sources */,
				6994BD2D26AE387100439501 /* Frameworks */,
				6994BD2E26AE387100439501 /* Resources */,
			);
			buildRules = (
			);
			dependencies = (
			);
			name = "estrategia-app-ios (macOS)";
			productName = "estrategia-app-ios (macOS)";
			productReference = 6994BD3026AE387100439501 /* estrategia-app-ios.app */;
			productType = "com.apple.product-type.application";
		};
		6994BD3726AE387100439501 /* Tests iOS */ = {
			isa = PBXNativeTarget;
			buildConfigurationList = 6994BD5826AE387100439501 /* Build configuration list for PBXNativeTarget "Tests iOS" */;
			buildPhases = (
				6994BD3426AE387100439501 /* Sources */,
				6994BD3526AE387100439501 /* Frameworks */,
				6994BD3626AE387100439501 /* Resources */,
			);
			buildRules = (
			);
			dependencies = (
				6994BD3A26AE387100439501 /* PBXTargetDependency */,
			);
			name = "Tests iOS";
			productName = "Tests iOS";
			productReference = 6994BD3826AE387100439501 /* Tests iOS.xctest */;
			productType = "com.apple.product-type.bundle.ui-testing";
		};
		6994BD4226AE387100439501 /* Tests macOS */ = {
			isa = PBXNativeTarget;
			buildConfigurationList = 6994BD5B26AE387100439501 /* Build configuration list for PBXNativeTarget "Tests macOS" */;
			buildPhases = (
				6994BD3F26AE387100439501 /* Sources */,
				6994BD4026AE387100439501 /* Frameworks */,
				6994BD4126AE387100439501 /* Resources */,
			);
			buildRules = (
			);
			dependencies = (
				6994BD4526AE387100439501 /* PBXTargetDependency */,
			);
			name = "Tests macOS";
			productName = "Tests macOS";
			productReference = 6994BD4326AE387100439501 /* Tests macOS.xctest */;
			productType = "com.apple.product-type.bundle.ui-testing";
		};
/* End PBXNativeTarget section */

/* Begin PBXProject section */
		6994BD1C26AE386F00439501 /* Project object */ = {
			isa = PBXProject;
			attributes = {
				LastSwiftUpdateCheck = 1250;
				LastUpgradeCheck = 1250;
				TargetAttributes = {
					6994BD2726AE387100439501 = {
						CreatedOnToolsVersion = 12.5.1;
					};
					6994BD2F26AE387100439501 = {
						CreatedOnToolsVersion = 12.5.1;
					};
					6994BD3726AE387100439501 = {
						CreatedOnToolsVersion = 12.5.1;
						TestTargetID = 6994BD2726AE387100439501;
					};
					6994BD4226AE387100439501 = {
						CreatedOnToolsVersion = 12.5.1;
						TestTargetID = 6994BD2F26AE387100439501;
					};
				};
			};
			buildConfigurationList = 6994BD1F26AE386F00439501 /* Build configuration list for PBXProject "estrategia-app-ios" */;
			compatibilityVersion = "Xcode 9.3";
			developmentRegion = en;
			hasScannedForEncodings = 0;
			knownRegions = (
				en,
				Base,
			);
			mainGroup = 6994BD1B26AE386F00439501;
			productRefGroup = 6994BD2926AE387100439501 /* Products */;
			projectDirPath = "";
			projectRoot = "";
			targets = (
				6994BD2726AE387100439501 /* estrategia-app-ios (iOS) */,
				6994BD2F26AE387100439501 /* estrategia-app-ios (macOS) */,
				6994BD3726AE387100439501 /* Tests iOS */,
				6994BD4226AE387100439501 /* Tests macOS */,
			);
		};
/* End PBXProject section */

/* Begin PBXResourcesBuildPhase section */
		6994BD2626AE387100439501 /* Resources */ = {
			isa = PBXResourcesBuildPhase;
			buildActionMask = 2147483647;
			files = (
				6994BD4E26AE387100439501 /* Assets.xcassets in Resources */,
			);
			runOnlyForDeploymentPostprocessing = 0;
		};
		6994BD2E26AE387100439501 /* Resources */ = {
			isa = PBXResourcesBuildPhase;
			buildActionMask = 2147483647;
			files = (
				6994BD4F26AE387100439501 /* Assets.xcassets in Resources */,
			);
			runOnlyForDeploymentPostprocessing = 0;
		};
		6994BD3626AE387100439501 /* Resources */ = {
			isa = PBXResourcesBuildPhase;
			buildActionMask = 2147483647;
			files = (
			);
			runOnlyForDeploymentPostprocessing = 0;
		};
		6994BD4126AE387100439501 /* Resources */ = {
			isa = PBXResourcesBuildPhase;
			buildActionMask = 2147483647;
			files = (
			);
			runOnlyForDeploymentPostprocessing = 0;
		};
/* End PBXResourcesBuildPhase section */

/* Begin PBXSourcesBuildPhase section */
		6994BD2426AE387100439501 /* Sources */ = {
			isa = PBXSourcesBuildPhase;
			buildActionMask = 2147483647;
			files = (
				6994BD4C26AE387100439501 /* ContentView.swift in Sources */,
				6994BD4A26AE387100439501 /* estrategia_app_iosApp.swift in Sources */,
			);
			runOnlyForDeploymentPostprocessing = 0;
		};
		6994BD2C26AE387100439501 /* Sources */ = {
			isa = PBXSourcesBuildPhase;
			buildActionMask = 2147483647;
			files = (
				6994BD4D26AE387100439501 /* ContentView.swift in Sources */,
				6994BD4B26AE387100439501 /* estrategia_app_iosApp.swift in Sources */,
			);
			runOnlyForDeploymentPostprocessing = 0;
		};
		6994BD3426AE387100439501 /* Sources */ = {
			isa = PBXSourcesBuildPhase;
			buildActionMask = 2147483647;
			files = (
				6994BD3D26AE387100439501 /* Tests_iOS.swift in Sources */,
			);
			runOnlyForDeploymentPostprocessing = 0;
		};
		6994BD3F26AE387100439501 /* Sources */ = {
			isa = PBXSourcesBuildPhase;
			buildActionMask = 2147483647;
			files = (
				6994BD4826AE387100439501 /* Tests_macOS.swift in Sources */,
			);
			runOnlyForDeploymentPostprocessing = 0;
		};
/* End PBXSourcesBuildPhase section */

/* Begin PBXTargetDependency section */
		6994BD3A26AE387100439501 /* PBXTargetDependency */ = {
			isa = PBXTargetDependency;
			target = 6994BD2726AE387100439501 /* estrategia-app-ios (iOS) */;
			targetProxy = 6994BD3926AE387100439501 /* PBXContainerItemProxy */;
		};
		6994BD4526AE387100439501 /* PBXTargetDependency */ = {
			isa = PBXTargetDependency;
			target = 6994BD2F26AE387100439501 /* estrategia-app-ios (macOS) */;
			targetProxy = 6994BD4426AE387100439501 /* PBXContainerItemProxy */;
		};
/* End PBXTargetDependency section */

/* Begin XCBuildConfiguration section */
		6994BD5026AE387100439501 /* Debug */ = {
			isa = XCBuildConfiguration;
			buildSettings = {
				ALWAYS_SEARCH_USER_PATHS = NO;
				CLANG_ANALYZER_NONNULL = YES;
				CLANG_ANALYZER_NUMBER_OBJECT_CONVERSION = YES_AGGRESSIVE;
				CLANG_CXX_LANGUAGE_STANDARD = "gnu++14";
				CLANG_CXX_LIBRARY = "libc++";
				CLANG_ENABLE_MODULES = YES;
				CLANG_ENABLE_OBJC_ARC = YES;
				CLANG_ENABLE_OBJC_WEAK = YES;
				CLANG_WARN_BLOCK_CAPTURE_AUTORELEASING = YES;
				CLANG_WARN_BOOL_CONVERSION = YES;
				CLANG_WARN_COMMA = YES;
				CLANG_WARN_CONSTANT_CONVERSION = YES;
				CLANG_WARN_DEPRECATED_OBJC_IMPLEMENTATIONS = YES;
				CLANG_WARN_DIRECT_OBJC_ISA_USAGE = YES_ERROR;
				CLANG_WARN_DOCUMENTATION_COMMENTS = YES;
				CLANG_WARN_EMPTY_BODY = YES;
				CLANG_WARN_ENUM_CONVERSION = YES;
				CLANG_WARN_INFINITE_RECURSION = YES;
				CLANG_WARN_INT_CONVERSION = YES;
				CLANG_WARN_NON_LITERAL_NULL_CONVERSION = YES;
				CLANG_WARN_OBJC_IMPLICIT_RETAIN_SELF = YES;
				CLANG_WARN_OBJC_LITERAL_CONVERSION = YES;
				CLANG_WARN_OBJC_ROOT_CLASS = YES_ERROR;
				CLANG_WARN_QUOTED_INCLUDE_IN_FRAMEWORK_HEADER = YES;
				CLANG_WARN_RANGE_LOOP_ANALYSIS = YES;
				CLANG_WARN_STRICT_PROTOTYPES = YES;
				CLANG_WARN_SUSPICIOUS_MOVE = YES;
				CLANG_WARN_UNGUARDED_AVAILABILITY = YES_AGGRESSIVE;
				CLANG_WARN_UNREACHABLE_CODE = YES;
				CLANG_WARN__DUPLICATE_METHOD_MATCH = YES;
				COPY_PHASE_STRIP = NO;
				DEBUG_INFORMATION_FORMAT = dwarf;
				ENABLE_STRICT_OBJC_MSGSEND = YES;
				ENABLE_TESTABILITY = YES;
				GCC_C_LANGUAGE_STANDARD = gnu11;
				GCC_DYNAMIC_NO_PIC = NO;
				GCC_NO_COMMON_BLOCKS = YES;
				GCC_OPTIMIZATION_LEVEL = 0;
				GCC_PREPROCESSOR_DEFINITIONS = (
					"DEBUG=1",
					"$(inherited)",
				);
				GCC_WARN_64_TO_32_BIT_CONVERSION = YES;
				GCC_WARN_ABOUT_RETURN_TYPE = YES_ERROR;
				GCC_WARN_UNDECLARED_SELECTOR = YES;
				GCC_WARN_UNINITIALIZED_AUTOS = YES_AGGRESSIVE;
				GCC_WARN_UNUSED_FUNCTION = YES;
				GCC_WARN_UNUSED_VARIABLE = YES;
				MTL_ENABLE_DEBUG_INFO = INCLUDE_SOURCE;
				MTL_FAST_MATH = YES;
				ONLY_ACTIVE_ARCH = YES;
				SWIFT_ACTIVE_COMPILATION_CONDITIONS = DEBUG;
				SWIFT_OPTIMIZATION_LEVEL = "-Onone";
			};
			name = Debug;
		};
		6994BD5126AE387100439501 /* Release */ = {
			isa = XCBuildConfiguration;
			buildSettings = {
				ALWAYS_SEARCH_USER_PATHS = NO;
				CLANG_ANALYZER_NONNULL = YES;
				CLANG_ANALYZER_NUMBER_OBJECT_CONVERSION = YES_AGGRESSIVE;
				CLANG_CXX_LANGUAGE_STANDARD = "gnu++14";
				CLANG_CXX_LIBRARY = "libc++";
				CLANG_ENABLE_MODULES = YES;
				CLANG_ENABLE_OBJC_ARC = YES;
				CLANG_ENABLE_OBJC_WEAK = YES;
				CLANG_WARN_BLOCK_CAPTURE_AUTORELEASING = YES;
				CLANG_WARN_BOOL_CONVERSION = YES;
				CLANG_WARN_COMMA = YES;
				CLANG_WARN_CONSTANT_CONVERSION = YES;
				CLANG_WARN_DEPRECATED_OBJC_IMPLEMENTATIONS = YES;
				CLANG_WARN_DIRECT_OBJC_ISA_USAGE = YES_ERROR;
				CLANG_WARN_DOCUMENTATION_COMMENTS = YES;
				CLANG_WARN_EMPTY_BODY = YES;
				CLANG_WARN_ENUM_CONVERSION = YES;
				CLANG_WARN_INFINITE_RECURSION = YES;
				CLANG_WARN_INT_CONVERSION = YES;
				CLANG_WARN_NON_LITERAL_NULL_CONVERSION = YES;
				CLANG_WARN_OBJC_IMPLICIT_RETAIN_SELF = YES;
				CLANG_WARN_OBJC_LITERAL_CONVERSION = YES;
				CLANG_WARN_OBJC_ROOT_CLASS = YES_ERROR;
				CLANG_WARN_QUOTED_INCLUDE_IN_FRAMEWORK_HEADER = YES;
				CLANG_WARN_RANGE_LOOP_ANALYSIS = YES;
				CLANG_WARN_STRICT_PROTOTYPES = YES;
				CLANG_WARN_SUSPICIOUS_MOVE = YES;
				CLANG_WARN_UNGUARDED_AVAILABILITY = YES_AGGRESSIVE;
				CLANG_WARN_UNREACHABLE_CODE = YES;
				CLANG_WARN__DUPLICATE_METHOD_MATCH = YES;
				COPY_PHASE_STRIP = NO;
				DEBUG_INFORMATION_FORMAT = "dwarf-with-dsym";
				ENABLE_NS_ASSERTIONS = NO;
				ENABLE_STRICT_OBJC_MSGSEND = YES;
				GCC_C_LANGUAGE_STANDARD = gnu11;
				GCC_NO_COMMON_BLOCKS = YES;
				GCC_WARN_64_TO_32_BIT_CONVERSION = YES;
				GCC_WARN_ABOUT_RETURN_TYPE = YES_ERROR;
				GCC_WARN_UNDECLARED_SELECTOR = YES;
				GCC_WARN_UNINITIALIZED_AUTOS = YES_AGGRESSIVE;
				GCC_WARN_UNUSED_FUNCTION = YES;
				GCC_WARN_UNUSED_VARIABLE = YES;
				MTL_ENABLE_DEBUG_INFO = NO;
				MTL_FAST_MATH = YES;
				SWIFT_COMPILATION_MODE = wholemodule;
				SWIFT_OPTIMIZATION_LEVEL = "-O";
			};
			name = Release;
		};
		6994BD5326AE387100439501 /* Debug */ = {
			isa = XCBuildConfiguration;
			buildSettings = {
				ASSETCATALOG_COMPILER_APPICON_NAME = AppIcon;
				ASSETCATALOG_COMPILER_GLOBAL_ACCENT_COLOR_NAME = AccentColor;
				CODE_SIGN_STYLE = Automatic;
				ENABLE_PREVIEWS = YES;
				INFOPLIST_FILE = iOS/Info.plist;
				IPHONEOS_DEPLOYMENT_TARGET = 14.0;
				LD_RUNPATH_SEARCH_PATHS = (
					"$(inherited)",
					"@executable_path/Frameworks",
				);
				PRODUCT_BUNDLE_IDENTIFIER = "estrategia.estrategia-app-ios";
				PRODUCT_NAME = "estrategia-app-ios";
				SDKROOT = iphoneos;
				SWIFT_VERSION = 5.0;
				TARGETED_DEVICE_FAMILY = "1,2";
			};
			name = Debug;
		};
		6994BD5426AE387100439501 /* Release */ = {
			isa = XCBuildConfiguration;
			buildSettings = {
				ASSETCATALOG_COMPILER_APPICON_NAME = AppIcon;
				ASSETCATALOG_COMPILER_GLOBAL_ACCENT_COLOR_NAME = AccentColor;
				CODE_SIGN_STYLE = Automatic;
				ENABLE_PREVIEWS = YES;
				INFOPLIST_FILE = iOS/Info.plist;
				IPHONEOS_DEPLOYMENT_TARGET = 14.0;
				LD_RUNPATH_SEARCH_PATHS = (
					"$(inherited)",
					"@executable_path/Frameworks",
				);
				PRODUCT_BUNDLE_IDENTIFIER = "estrategia.estrategia-app-ios";
				PRODUCT_NAME = "estrategia-app-ios";
				SDKROOT = iphoneos;
				SWIFT_VERSION = 5.0;
				TARGETED_DEVICE_FAMILY = "1,2";
				VALIDATE_PRODUCT = YES;
			};
			name = Release;
		};
		6994BD5626AE387100439501 /* Debug */ = {
			isa = XCBuildConfiguration;
			buildSettings = {
				ASSETCATALOG_COMPILER_APPICON_NAME = AppIcon;
				ASSETCATALOG_COMPILER_GLOBAL_ACCENT_COLOR_NAME = AccentColor;
				CODE_SIGN_ENTITLEMENTS = macOS/macOS.entitlements;
				CODE_SIGN_STYLE = Automatic;
				COMBINE_HIDPI_IMAGES = YES;
				ENABLE_PREVIEWS = YES;
				INFOPLIST_FILE = macOS/Info.plist;
				LD_RUNPATH_SEARCH_PATHS = (
					"$(inherited)",
					"@executable_path/../Frameworks",
				);
				MACOSX_DEPLOYMENT_TARGET = 11.0;
				PRODUCT_BUNDLE_IDENTIFIER = "estrategia.estrategia-app-ios";
				PRODUCT_NAME = "estrategia-app-ios";
				SDKROOT = macosx;
				SWIFT_VERSION = 5.0;
			};
			name = Debug;
		};
		6994BD5726AE387100439501 /* Release */ = {
			isa = XCBuildConfiguration;
			buildSettings = {
				ASSETCATALOG_COMPILER_APPICON_NAME = AppIcon;
				ASSETCATALOG_COMPILER_GLOBAL_ACCENT_COLOR_NAME = AccentColor;
				CODE_SIGN_ENTITLEMENTS = macOS/macOS.entitlements;
				CODE_SIGN_STYLE = Automatic;
				COMBINE_HIDPI_IMAGES = YES;
				ENABLE_PREVIEWS = YES;
				INFOPLIST_FILE = macOS/Info.plist;
				LD_RUNPATH_SEARCH_PATHS = (
					"$(inherited)",
					"@executable_path/../Frameworks",
				);
				MACOSX_DEPLOYMENT_TARGET = 11.0;
				PRODUCT_BUNDLE_IDENTIFIER = "estrategia.estrategia-app-ios";
				PRODUCT_NAME = "estrategia-app-ios";
				SDKROOT = macosx;
				SWIFT_VERSION = 5.0;
			};
			name = Release;
		};
		6994BD5926AE387100439501 /* Debug */ = {
			isa = XCBuildConfiguration;
			buildSettings = {
				ALWAYS_EMBED_SWIFT_STANDARD_LIBRARIES = YES;
				CODE_SIGN_STYLE = Automatic;
				INFOPLIST_FILE = "Tests iOS/Info.plist";
				IPHONEOS_DEPLOYMENT_TARGET = 14.5;
				LD_RUNPATH_SEARCH_PATHS = (
					"$(inherited)",
					"@executable_path/Frameworks",
					"@loader_path/Frameworks",
				);
				PRODUCT_BUNDLE_IDENTIFIER = "estrategia.Tests-iOS";
				PRODUCT_NAME = "$(TARGET_NAME)";
				SDKROOT = iphoneos;
				SWIFT_VERSION = 5.0;
				TARGETED_DEVICE_FAMILY = "1,2";
				TEST_TARGET_NAME = "estrategia-app-ios (iOS)";
			};
			name = Debug;
		};
		6994BD5A26AE387100439501 /* Release */ = {
			isa = XCBuildConfiguration;
			buildSettings = {
				ALWAYS_EMBED_SWIFT_STANDARD_LIBRARIES = YES;
				CODE_SIGN_STYLE = Automatic;
				INFOPLIST_FILE = "Tests iOS/Info.plist";
				IPHONEOS_DEPLOYMENT_TARGET = 14.5;
				LD_RUNPATH_SEARCH_PATHS = (
					"$(inherited)",
					"@executable_path/Frameworks",
					"@loader_path/Frameworks",
				);
				PRODUCT_BUNDLE_IDENTIFIER = "estrategia.Tests-iOS";
				PRODUCT_NAME = "$(TARGET_NAME)";
				SDKROOT = iphoneos;
				SWIFT_VERSION = 5.0;
				TARGETED_DEVICE_FAMILY = "1,2";
				TEST_TARGET_NAME = "estrategia-app-ios (iOS)";
				VALIDATE_PRODUCT = YES;
			};
			name = Release;
		};
		6994BD5C26AE387100439501 /* Debug */ = {
			isa = XCBuildConfiguration;
			buildSettings = {
				ALWAYS_EMBED_SWIFT_STANDARD_LIBRARIES = YES;
				CODE_SIGN_STYLE = Automatic;
				COMBINE_HIDPI_IMAGES = YES;
				INFOPLIST_FILE = "Tests macOS/Info.plist";
				LD_RUNPATH_SEARCH_PATHS = (
					"$(inherited)",
					"@executable_path/../Frameworks",
					"@loader_path/../Frameworks",
				);
				MACOSX_DEPLOYMENT_TARGET = 11.3;
				PRODUCT_BUNDLE_IDENTIFIER = "estrategia.Tests-macOS";
				PRODUCT_NAME = "$(TARGET_NAME)";
				SDKROOT = macosx;
				SWIFT_VERSION = 5.0;
				TEST_TARGET_NAME = "estrategia-app-ios (macOS)";
			};
			name = Debug;
		};
		6994BD5D26AE387100439501 /* Release */ = {
			isa = XCBuildConfiguration;
			buildSettings = {
				ALWAYS_EMBED_SWIFT_STANDARD_LIBRARIES = YES;
				CODE_SIGN_STYLE = Automatic;
				COMBINE_HIDPI_IMAGES = YES;
				INFOPLIST_FILE = "Tests macOS/Info.plist";
				LD_RUNPATH_SEARCH_PATHS = (
					"$(inherited)",
					"@executable_path/../Frameworks",
					"@loader_path/../Frameworks",
				);
				MACOSX_DEPLOYMENT_TARGET = 11.3;
				PRODUCT_BUNDLE_IDENTIFIER = "estrategia.Tests-macOS";
				PRODUCT_NAME = "$(TARGET_NAME)";
				SDKROOT = macosx;
				SWIFT_VERSION = 5.0;
				TEST_TARGET_NAME = "estrategia-app-ios (macOS)";
			};
			name = Release;
		};
/* End XCBuildConfiguration section */

/* Begin XCConfigurationList section */
		6994BD1F26AE386F00439501 /* Build configuration list for PBXProject "estrategia-app-ios" */ = {
			isa = XCConfigurationList;
			buildConfigurations = (
				6994BD5026AE387100439501 /* Debug */,
				6994BD5126AE387100439501 /* Release */,
			);
			defaultConfigurationIsVisible = 0;
			defaultConfigurationName = Release;
		};
		6994BD5226AE387100439501 /* Build configuration list for PBXNativeTarget "estrategia-app-ios (iOS)" */ = {
			isa = XCConfigurationList;
			buildConfigurations = (
				6994BD5326AE387100439501 /* Debug */,
				6994BD5426AE387100439501 /* Release */,
			);
			defaultConfigurationIsVisible = 0;
			defaultConfigurationName = Release;
		};
		6994BD5526AE387100439501 /* Build configuration list for PBXNativeTarget "estrategia-app-ios (macOS)" */ = {
			isa = XCConfigurationList;
			buildConfigurations = (
				6994BD5626AE387100439501 /* Debug */,
				6994BD5726AE387100439501 /* Release */,
			);
			defaultConfigurationIsVisible = 0;
			defaultConfigurationName = Release;
		};
		6994BD5826AE387100439501 /* Build configuration list for PBXNativeTarget "Tests iOS" */ = {
			isa = XCConfigurationList;
			buildConfigurations = (
				6994BD5926AE387100439501 /* Debug */,
				6994BD5A26AE387100439501 /* Release */,
			);
			defaultConfigurationIsVisible = 0;
			defaultConfigurationName = Release;
		};
		6994BD5B26AE387100439501 /* Build configuration list for PBXNativeTarget "Tests macOS" */ = {
			isa = XCConfigurationList;
			buildConfigurations = (
				6994BD5C26AE387100439501 /* Debug */,
				6994BD5D26AE387100439501 /* Release */,
			);
			defaultConfigurationIsVisible = 0;
			defaultConfigurationName = Release;
		};
/* End XCConfigurationList section */
	};
	rootObject = 6994BD1C26AE386F00439501 /* Project object */;
}
