{
    "_meta": {
        "hash": {
            "sha256": "69999c1e23f8516e436866076cf3c95356eaf3bc2e25268542f30efc03664f7d"
        },
        "pipfile-spec": 6,
        "requires": {
            "python_version": "3.10"
        },
        "sources": [
            {
                "name": "pip_conf_index_global",
                "url": "https://artifactory.abin.gov.br/artifactory/api/pypi/pypi/simple",
                "verify_ssl": false
            }
        ]
    },
    "default": {
        "asgiref": {
            "hashes": [
                "sha256:71e68008da809b957b7ee4b43dbccff33d1b23519fb8344e33f049897077afac",
                "sha256:9567dfe7bd8d3c8c892227827c41cce860b368104c3431da67a0c5a65a949506"
            ],
            "markers": "python_version >= '3.7'",
            "version": "==3.6.0"
        },
        "django": {
            "hashes": [
                "sha256:ad33ed68db9398f5dfb33282704925bce044bef4261cd4fb59e4e7f9ae505a78",
                "sha256:c36e2ab12824e2ac36afa8b2515a70c53c7742f0d6eaefa7311ec379558db997"
            ],
            "index": "pip_conf_index_global",
            "version": "==4.2"
        },
        "django-filter": {
            "hashes": [
                "sha256:dee5dcf2cea4d7f767e271b6d01f767fce7500676d5e5dc58dac8154000b87df",
                "sha256:e3c52ad83c32fb5882125105efb5fea2a1d6a85e7dc64b04ef52edbf14451b6c"
            ],
            "index": "pip_conf_index_global",
            "version": "==23.1"
        },
        "djangorestframework": {
            "hashes": [
                "sha256:579a333e6256b09489cbe0a067e66abe55c6595d8926be6b99423786334350c8",
                "sha256:eb63f58c9f218e1a7d064d17a70751f528ed4e1d35547fdade9aaf4cd103fd08"
            ],
            "index": "pip_conf_index_global",
            "version": "==3.14.0"
        },
        "markdown": {
            "hashes": [
                "sha256:065fd4df22da73a625f14890dd77eb8040edcbd68794bcd35943be14490608b2",
                "sha256:8bf101198e004dc93e84a12a7395e31aac6a9c9942848ae1d99b9d72cf9b3520"
            ],
            "index": "pip_conf_index_global",
            "version": "==3.4.3"
        },
        "pytz": {
            "hashes": [
                "sha256:1d8ce29db189191fb55338ee6d0387d82ab59f3d00eac103412d64e0ebd0c588",
                "sha256:a151b3abb88eda1d4e34a9814df37de2a80e301e68ba0fd856fb9b46bfbbbffb"
            ],
            "version": "==2023.3"
        },
        "sqlparse": {
            "hashes": [
                "sha256:0323c0ec29cd52bceabc1b4d9d579e311f3e4961b98d174201d5622a23b85e34",
                "sha256:69ca804846bb114d2ec380e4360a8a340db83f0ccf3afceeb1404df028f57268"
            ],
            "markers": "python_version >= '3.5'",
            "version": "==0.4.3"
        }
    },
    "develop": {}
}
